PODS:
  - Alamofire (4.7.3)
  - AlamofireNetworkActivityLogger (2.3.0):
    - Alamofire (~> 4.6)
  - Crashlytics (3.11.1):
    - Fabric (~> 1.8.1)
  - DropDown (2.3.13)
  - Fabric (1.8.2)
  - IQKeyboardManagerSwift (6.2.0)
  - SwiftyJSON (4.2.0)

DEPENDENCIES:
  - Alamofire
  - AlamofireNetworkActivityLogger
  - Crashlytics
  - DropDown (~> 2.3.2)
  - Fabric
  - IQKeyboardManagerSwift
  - SwiftyJSON (~> 4.0)

SPEC REPOS:
  https://github.com/CocoaPods/Specs.git:
    - Alamofire
    - AlamofireNetworkActivityLogger
    - Crashlytics
    - DropDown
    - Fabric
    - IQKeyboardManagerSwift
    - SwiftyJSON

SPEC CHECKSUMS:
  Alamofire: c7287b6e5d7da964a70935e5db17046b7fde6568
  AlamofireNetworkActivityLogger: 6f3076652ab7fa6c819b59be08ea038d339e36d8
  Crashlytics: ca7ab4bc304aa216bdc2e4c1a96389ee77252203
  DropDown: 8a2116376c1981888557f72ec2ffc9a5e0e456ec
  Fabric: d2b22f443ba195d8a7cc204da230977c72733b40
  IQKeyboardManagerSwift: b07ccf9d8cafe993dcd6cb794eb4ba34611a0c4e
  SwiftyJSON: c4bcba26dd9ec7a027fc8eade48e2c911f229e96

PODFILE CHECKSUM: 516c3c9b6ec34419c33985f32c9640a4062e7ba8

COCOAPODS: 1.10.0
