PODS:
  - Alamofire (4.7.3)
  - AlamofireNetworkActivityLogger (2.3.0):
    - Alamofire (~> 4.6)
  - Crashlytics (3.11.1):
    - Fabric (~> 1.8.1)
  - DropDown (2.3.13)
  - Fabric (1.8.2)
  - IQKeyboardManagerSwift (6.2.0)
  - SwiftyJSON (4.2.0)

DEPENDENCIES:
  - Alamofire
  - AlamofireNetworkActivityLogger
  - Crashlytics
  - DropDown (~> 2.3.2)
  - Fabric
  - IQKeyboardManagerSwift
  - SwiftyJSON (~> 4.0)

SPEC REPOS:
  trunk:
    - Alamofire
    - AlamofireNetworkActivityLogger
    - Crashlytics
    - DropDown
    - Fabric
    - IQKeyboardManagerSwift
    - SwiftyJSON

SPEC CHECKSUMS:
  Alamofire: c7287b6e5d7da964a70935e5db17046b7fde6568
  AlamofireNetworkActivityLogger: 6f3076652ab7fa6c819b59be08ea038d339e36d8
  Crashlytics: 3df6ef91701e6dc98005417f6d4f37ccf0cd3344
  DropDown: 8a2116376c1981888557f72ec2ffc9a5e0e456ec
  Fabric: d7d7820bb92eaf2c3fc36733f6e5ca9692d921e8
  IQKeyboardManagerSwift: b07ccf9d8cafe993dcd6cb794eb4ba34611a0c4e
  SwiftyJSON: c4bcba26dd9ec7a027fc8eade48e2c911f229e96

PODFILE CHECKSUM: 0fcc14d4559c3fb19b454f2c8bba52185f5dd807

COCOAPODS: 1.15.2
